
Microsoft Visual Studio Solution File, Format Version 12.00
# Visual Studio Version 16
VisualStudioVersion = 16.0.30503.244
MinimumVisualStudioVersion = 10.0.40219.1
Project("{FAE04EC0-301F-11D3-BF4B-00C04F79EFBC}") = "CyberShopGeneral", "CyberShopGeneral\CyberShopGeneral.csproj", "{E07C2B94-E302-44F4-B6F5-90CAF4ED2DFA}"
EndProject
Global
	GlobalSection(SolutionConfigurationPlatforms) = preSolution
		Debug|Any CPU = Debug|Any CPU
		Release|Any CPU = Release|Any CPU
	EndGlobalSection
	GlobalSection(ProjectConfigurationPlatforms) = postSolution
		{E07C2B94-E302-44F4-B6F5-90CAF4ED2DFA}.Debug|Any CPU.ActiveCfg = Debug|Any CPU
		{E07C2B94-E302-44F4-B6F5-90CAF4ED2DFA}.Debug|Any CPU.Build.0 = Debug|Any CPU
		{E07C2B94-E302-44F4-B6F5-90CAF4ED2DFA}.Release|Any CPU.ActiveCfg = Release|Any CPU
		{E07C2B94-E302-44F4-B6F5-90CAF4ED2DFA}.Release|Any CPU.Build.0 = Release|Any CPU
	EndGlobalSection
	GlobalSection(SolutionProperties) = preSolution
		HideSolutionNode = FALSE
	EndGlobalSection
	GlobalSection(ExtensibilityGlobals) = postSolution
		SolutionGuid = {E3D1F1CF-97D2-44AA-B3C3-122261A6BF22}
	EndGlobalSection
EndGlobal
